# THIS IS AN AUTOGENERATED FILE. DO NOT EDIT THIS FILE DIRECTLY.
# yarn lockfile v1


"@types/cli@^0.11.19":
  "integrity" "sha1-Mf99AGc0wLZkeqKz2H0h1i6ttUs="
  "resolved" "https://registry.npmjs.org/@types/cli/-/cli-0.11.19.tgz"
  "version" "0.11.19"
  dependencies:
    "@types/node" "*"

"@types/inquirer@^6.5.0":
  "integrity" "sha512-rjaYQ9b9y/VFGOpqBEXRavc3jh0a+e6evAbI31tMda8VlPaSy0AZJfXsvmIe3wklc7W6C3zCSfleuMXR7NOyXw=="
  "resolved" "https://registry.npmjs.org/@types/inquirer/-/inquirer-6.5.0.tgz"
  "version" "6.5.0"
  dependencies:
    "@types/through" "*"
    "rxjs" "^6.4.0"

"@types/md5-file@^4.0.0":
  "integrity" "sha512-t+qg7R25oYo6z3iWI+9CRky2mgQ51RGvLqlCPV+xa6dKp0YDomv0TArLK/CdcReFZwQHn/YMNRZx+4AUWXPtlg=="
  "resolved" "https://registry.npmjs.org/@types/md5-file/-/md5-file-4.0.0.tgz"
  "version" "4.0.0"

"@types/mime-types@^2.1.0":
  "integrity" "sha1-nKUs2jY/aZxpRmwqbM2q2RPqenM="
  "resolved" "https://registry.npmjs.org/@types/mime-types/-/mime-types-2.1.0.tgz"
  "version" "2.1.0"

"@types/node@*", "@types/node@^12.7.9":
  "integrity" "sha512-P57oKTJ/vYivL2BCfxCC5tQjlS8qW31pbOL6qt99Yrjm95YdHgNZwjrTTjMBh+C2/y6PXIX4oz253+jUzxKKfQ=="
  "resolved" "https://registry.npmjs.org/@types/node/-/node-12.7.9.tgz"
  "version" "12.7.9"

"@types/prettier@^1.18.3":
  "integrity" "sha512-48rnerQdcZ26odp+HOvDGX8IcUkYOCuMc2BodWYTe956MqkHlOGAG4oFQ83cjZ0a4GAgj7mb4GUClxYd2Hlodg=="
  "resolved" "https://registry.npmjs.org/@types/prettier/-/prettier-1.18.3.tgz"
  "version" "1.18.3"

"@types/through@*":
  "integrity" "sha512-9a7C5VHh+1BKblaYiq+7Tfc+EOmjMdZaD1MYtkQjSoxgB69tBjW98ry6SKsi4zEIWztLOMRuL87A3bdT/Fc/4w=="
  "resolved" "https://registry.npmjs.org/@types/through/-/through-0.0.29.tgz"
  "version" "0.0.29"
  dependencies:
    "@types/node" "*"

"ansi-escapes@^4.2.1":
  "integrity" "sha512-Cg3ymMAdN10wOk/VYfLV7KCQyv7EDirJ64500sU7n9UlmioEtDuU5Gd+hj73hXSU/ex7tHJSssmyftDdkMLO8Q=="
  "resolved" "https://registry.npmjs.org/ansi-escapes/-/ansi-escapes-4.2.1.tgz"
  "version" "4.2.1"
  dependencies:
    "type-fest" "^0.5.2"

"ansi-regex@^4.1.0":
  "integrity" "sha512-1apePfXM1UOSqw0o9IiFAovVz9M5S1Dg+4TrDwfMewQ6p/rmMueb7tWZjQ1rx4Loy1ArBggoqGpfqqdI4rondg=="
  "resolved" "https://registry.npmjs.org/ansi-regex/-/ansi-regex-4.1.0.tgz"
  "version" "4.1.0"

"ansi-styles@^3.2.1":
  "integrity" "sha512-VT0ZI6kZRdTh8YyJw3SMbYm/u+NqfsAxEpWO0Pf9sq8/e94WxxOpPKx9FR1FlyCtOVDNOQ+8ntlqFxiRc+r5qA=="
  "resolved" "https://registry.npmjs.org/ansi-styles/-/ansi-styles-3.2.1.tgz"
  "version" "3.2.1"
  dependencies:
    "color-convert" "^1.9.0"

"arg@^4.1.0":
  "integrity" "sha512-SlmP3fEA88MBv0PypnXZ8ZfJhwmDeIE3SP71j37AiXQBXYosPV0x6uISAaHYSlSVhmHOVkomen0tbGk6Anlebw=="
  "resolved" "https://registry.npmjs.org/arg/-/arg-4.1.1.tgz"
  "version" "4.1.1"

"aws-sdk@^2.543.0":
  "integrity" "sha512-ABHsA4W7LLYnTBCgtbTt0NF7+66nMCtdcJuAn30+RGzF0bOw3lCguqzootFrMlIOXklddQFJ9kKTXd+p/+uCVQ=="
  "resolved" "https://registry.npmjs.org/aws-sdk/-/aws-sdk-2.543.0.tgz"
  "version" "2.543.0"
  dependencies:
    "buffer" "4.9.1"
    "events" "1.1.1"
    "ieee754" "1.1.13"
    "jmespath" "0.15.0"
    "querystring" "0.2.0"
    "sax" "1.2.1"
    "url" "0.10.3"
    "uuid" "3.3.2"
    "xml2js" "0.4.19"

"balanced-match@^1.0.0":
  "integrity" "sha1-ibTRmasr7kneFk6gK4nORi1xt2c="
  "resolved" "https://registry.npmjs.org/balanced-match/-/balanced-match-1.0.0.tgz"
  "version" "1.0.0"

"base64-js@^1.0.2":
  "integrity" "sha512-mLQ4i2QO1ytvGWFWmcngKO//JXAQueZvwEKtjgQFM4jIK0kU+ytMfplL8j+n5mspOfjHwoAg+9yhb7BwAHm36g=="
  "resolved" "https://registry.npmjs.org/base64-js/-/base64-js-1.3.1.tgz"
  "version" "1.3.1"

"brace-expansion@^1.1.7":
  "integrity" "sha512-iCuPHDFgrHX7H2vEI/5xpz07zSHB00TpugqhmYtVmMO6518mCuRMoOYFldEBl0g187ufozdaHgWKcYFb61qGiA=="
  "resolved" "https://registry.npmjs.org/brace-expansion/-/brace-expansion-1.1.11.tgz"
  "version" "1.1.11"
  dependencies:
    "balanced-match" "^1.0.0"
    "concat-map" "0.0.1"

"buffer-from@^1.0.0":
  "integrity" "sha512-MQcXEUbCKtEo7bhqEs6560Hyd4XaovZlO/k9V3hjVUF/zwW7KBVdSK4gIt/bzwS9MbR5qob+F5jusZsb0YQK2A=="
  "resolved" "https://registry.npmjs.org/buffer-from/-/buffer-from-1.1.1.tgz"
  "version" "1.1.1"

"buffer@4.9.1":
  "integrity" "sha1-bRu2AbB6TvztlwlBMgkwJ8lbwpg="
  "resolved" "https://registry.npmjs.org/buffer/-/buffer-4.9.1.tgz"
  "version" "4.9.1"
  dependencies:
    "base64-js" "^1.0.2"
    "ieee754" "^1.1.4"
    "isarray" "^1.0.0"

"chalk@^2.4.2":
  "integrity" "sha512-Mti+f9lpJNcwF4tWV8/OrTTtF1gZi+f8FqlyAdouralcFWFQWF2+NgCHShjkCb+IFBLq9buZwE1xckQU4peSuQ=="
  "resolved" "https://registry.npmjs.org/chalk/-/chalk-2.4.2.tgz"
  "version" "2.4.2"
  dependencies:
    "ansi-styles" "^3.2.1"
    "escape-string-regexp" "^1.0.5"
    "supports-color" "^5.3.0"

"chardet@^0.7.0":
  "integrity" "sha512-mT8iDcrh03qDGRRmoA2hmBJnxpllMR+0/0qlzjqZES6NdiWDcZkCNAk4rPFZ9Q85r27unkiNNg8ZOiwZXBHwcA=="
  "resolved" "https://registry.npmjs.org/chardet/-/chardet-0.7.0.tgz"
  "version" "0.7.0"

"cli-cursor@^3.1.0":
  "integrity" "sha512-I/zHAwsKf9FqGoXM4WWRACob9+SNukZTd94DWF57E4toouRulbCxcUh6RKUEOQlYTHJnzkPMySvPNaaSLNfLZw=="
  "resolved" "https://registry.npmjs.org/cli-cursor/-/cli-cursor-3.1.0.tgz"
  "version" "3.1.0"
  dependencies:
    "restore-cursor" "^3.1.0"

"cli-width@^2.0.0":
  "integrity" "sha1-/xnt6Kml5XkyQUewwR8PvLq+1jk="
  "resolved" "https://registry.npmjs.org/cli-width/-/cli-width-2.2.0.tgz"
  "version" "2.2.0"

"cli@^1.0.1":
  "integrity" "sha1-IoF1NPJL+klQw01TLUjsvGIbjBQ="
  "resolved" "https://registry.npmjs.org/cli/-/cli-1.0.1.tgz"
  "version" "1.0.1"
  dependencies:
    "exit" "0.1.2"
    "glob" "^7.1.1"

"color-convert@^1.9.0":
  "integrity" "sha512-QfAUtd+vFdAtFQcC8CCyYt1fYWxSqAiK2cSD6zDB8N3cpsEBAvRxp9zOGg6G/SHHJYAT88/az/IuDGALsNVbGg=="
  "resolved" "https://registry.npmjs.org/color-convert/-/color-convert-1.9.3.tgz"
  "version" "1.9.3"
  dependencies:
    "color-name" "1.1.3"

"color-name@1.1.3":
  "integrity" "sha1-p9BVi9icQveV3UIyj3QIMcpTvCU="
  "resolved" "https://registry.npmjs.org/color-name/-/color-name-1.1.3.tgz"
  "version" "1.1.3"

"concat-map@0.0.1":
  "integrity" "sha1-2Klr13/Wjfd5OnMDajug1UBdR3s="
  "resolved" "https://registry.npmjs.org/concat-map/-/concat-map-0.0.1.tgz"
  "version" "0.0.1"

"debug@^4.0.1":
  "integrity" "sha512-pYAIzeRo8J6KPEaJ0VWOh5Pzkbw/RetuzehGM7QRRX5he4fPHx2rdKMB256ehJCkX+XRQm16eZLqLNS8RSZXZw=="
  "resolved" "https://registry.npmjs.org/debug/-/debug-4.1.1.tgz"
  "version" "4.1.1"
  dependencies:
    "ms" "^2.1.1"

"diff@^4.0.1":
  "integrity" "sha512-s2+XdvhPCOF01LRQBC8hf4vhbVmI2CGS5aZnxLJlT5FtdhPCDFq80q++zK2KlrVorVDdL5BOGZ/VfLrVtYNF+Q=="
  "resolved" "https://registry.npmjs.org/diff/-/diff-4.0.1.tgz"
  "version" "4.0.1"

"emoji-regex@^8.0.0":
  "integrity" "sha512-MSjYzcWNOA0ewAHpz0MxpYFvwg6yjy1NG3xteoqz644VCo/RPgnr1/GGt+ic3iJTzQ8Eu3TdM14SawnVUmGE6A=="
  "resolved" "https://registry.npmjs.org/emoji-regex/-/emoji-regex-8.0.0.tgz"
  "version" "8.0.0"

"escape-string-regexp@^1.0.5":
  "integrity" "sha1-G2HAViGQqN/2rjuyzwIAyhMLhtQ="
  "resolved" "https://registry.npmjs.org/escape-string-regexp/-/escape-string-regexp-1.0.5.tgz"
  "version" "1.0.5"

"events@1.1.1":
  "integrity" "sha1-nr23Y1rQmccNzEwqH1AEKI6L2SQ="
  "resolved" "https://registry.npmjs.org/events/-/events-1.1.1.tgz"
  "version" "1.1.1"

"exit@0.1.2":
  "integrity" "sha1-BjJjj42HfMghB9MKD/8aF8uhzQw="
  "resolved" "https://registry.npmjs.org/exit/-/exit-0.1.2.tgz"
  "version" "0.1.2"

"external-editor@^3.0.3":
  "integrity" "sha512-hMQ4CX1p1izmuLYyZqLMO/qGNw10wSv9QDCPfzXfyFrOaCSSoRfqE1Kf1s5an66J5JZC62NewG+mK49jOCtQew=="
  "resolved" "https://registry.npmjs.org/external-editor/-/external-editor-3.1.0.tgz"
  "version" "3.1.0"
  dependencies:
    "chardet" "^0.7.0"
    "iconv-lite" "^0.4.24"
    "tmp" "^0.0.33"

"figures@^3.0.0":
  "integrity" "sha512-ravh8VRXqHuMvZt/d8GblBeqDMkdJMBdv/2KntFH+ra5MXkO7nxNKpzQ3n6QD/2da1kH0aWmNISdvhM7gl2gVg=="
  "resolved" "https://registry.npmjs.org/figures/-/figures-3.1.0.tgz"
  "version" "3.1.0"
  dependencies:
    "escape-string-regexp" "^1.0.5"

"fs.realpath@^1.0.0":
  "integrity" "sha1-FQStJSMVjKpA20onh8sBQRmU6k8="
  "resolved" "https://registry.npmjs.org/fs.realpath/-/fs.realpath-1.0.0.tgz"
  "version" "1.0.0"

"glob@^7.1.1":
  "integrity" "sha512-hkLPepehmnKk41pUGm3sYxoFs/umurYfYJCerbXEyFIWcAzvpipAgVkBqqT9RBKMGjnq6kMuyYwha6csxbiM1A=="
  "resolved" "https://registry.npmjs.org/glob/-/glob-7.1.4.tgz"
  "version" "7.1.4"
  dependencies:
    "fs.realpath" "^1.0.0"
    "inflight" "^1.0.4"
    "inherits" "2"
    "minimatch" "^3.0.4"
    "once" "^1.3.0"
    "path-is-absolute" "^1.0.0"

"has-flag@^3.0.0":
  "integrity" "sha1-tdRU3CGZriJWmfNGfloH87lVuv0="
  "resolved" "https://registry.npmjs.org/has-flag/-/has-flag-3.0.0.tgz"
  "version" "3.0.0"

"iconv-lite@^0.4.24":
  "integrity" "sha512-v3MXnZAcvnywkTUEZomIActle7RXXeedOR31wwl7VlyoXO4Qi9arvSenNQWne1TcRwhCL1HwLI21bEqdpj8/rA=="
  "resolved" "https://registry.npmjs.org/iconv-lite/-/iconv-lite-0.4.24.tgz"
  "version" "0.4.24"
  dependencies:
    "safer-buffer" ">= 2.1.2 < 3"

"ieee754@^1.1.4", "ieee754@1.1.13":
  "integrity" "sha512-4vf7I2LYV/HaWerSo3XmlMkp5eZ83i+/CDluXi/IGTs/O1sejBNhTtnxzmRZfvOUqj7lZjqHkeTvpgSFDlWZTg=="
  "resolved" "https://registry.npmjs.org/ieee754/-/ieee754-1.1.13.tgz"
  "version" "1.1.13"

"inflight@^1.0.4":
  "integrity" "sha1-Sb1jMdfQLQwJvJEKEHW6gWW1bfk="
  "resolved" "https://registry.npmjs.org/inflight/-/inflight-1.0.6.tgz"
  "version" "1.0.6"
  dependencies:
    "once" "^1.3.0"
    "wrappy" "1"

"inherits@2":
  "integrity" "sha512-k/vGaX4/Yla3WzyMCvTQOXYeIHvqOKtnqBduzTHpzpQZzAskKMhZ2K+EnBiSM9zGSoIFeMpXKxa4dYeZIQqewQ=="
  "resolved" "https://registry.npmjs.org/inherits/-/inherits-2.0.4.tgz"
  "version" "2.0.4"

"inquirer@^7.0.0":
  "integrity" "sha512-rSdC7zelHdRQFkWnhsMu2+2SO41mpv2oF2zy4tMhmiLWkcKbOAs87fWAJhVXttKVwhdZvymvnuM95EyEXg2/tQ=="
  "resolved" "https://registry.npmjs.org/inquirer/-/inquirer-7.0.0.tgz"
  "version" "7.0.0"
  dependencies:
    "ansi-escapes" "^4.2.1"
    "chalk" "^2.4.2"
    "cli-cursor" "^3.1.0"
    "cli-width" "^2.0.0"
    "external-editor" "^3.0.3"
    "figures" "^3.0.0"
    "lodash" "^4.17.15"
    "mute-stream" "0.0.8"
    "run-async" "^2.2.0"
    "rxjs" "^6.4.0"
    "string-width" "^4.1.0"
    "strip-ansi" "^5.1.0"
    "through" "^2.3.6"

"is-fullwidth-code-point@^3.0.0":
  "integrity" "sha512-zymm5+u+sCsSWyD9qNaejV3DFvhCKclKdizYaJUuHA83RLjb7nSuGnddCHGv0hk+KY7BMAlsWeK4Ueg6EV6XQg=="
  "resolved" "https://registry.npmjs.org/is-fullwidth-code-point/-/is-fullwidth-code-point-3.0.0.tgz"
  "version" "3.0.0"

"is-promise@^2.1.0":
  "integrity" "sha1-eaKp7OfwlugPNtKy87wWwf9L8/o="
  "resolved" "https://registry.npmjs.org/is-promise/-/is-promise-2.1.0.tgz"
  "version" "2.1.0"

"isarray@^1.0.0":
  "integrity" "sha1-u5NdSFgsuhaMBoNJV6VKPgcSTxE="
  "resolved" "https://registry.npmjs.org/isarray/-/isarray-1.0.0.tgz"
  "version" "1.0.0"

"jmespath@0.15.0":
  "integrity" "sha1-o/Iiqarp+Wb10nx5ZRDigJF2Qhc="
  "resolved" "https://registry.npmjs.org/jmespath/-/jmespath-0.15.0.tgz"
  "version" "0.15.0"

"lodash@^4.17.15":
  "integrity" "sha512-8xOcRHvCjnocdS5cpwXQXVzmmh5e5+saE2QGoeQmbKmRS6J3VQppPOIt0MnmE+4xlZoumy0GPG0D0MVIQbNA1A=="
  "resolved" "https://registry.npmjs.org/lodash/-/lodash-4.17.15.tgz"
  "version" "4.17.15"

"make-error@^1.1.1":
  "integrity" "sha512-c3sIjNUow0+8swNwVpqoH4YCShKNFkMaw6oH1mNS2haDZQqkeZFlHS3dhoeEbKKmJB4vXpJucU6oH75aDYeE9g=="
  "resolved" "https://registry.npmjs.org/make-error/-/make-error-1.3.5.tgz"
  "version" "1.3.5"

"md5-file@^4.0.0":
  "integrity" "sha512-UC0qFwyAjn4YdPpKaDNw6gNxRf7Mcx7jC1UGCY4boCzgvU2Aoc1mOGzTtrjjLKhM5ivsnhoKpQVxKPp+1j1qwg=="
  "resolved" "https://registry.npmjs.org/md5-file/-/md5-file-4.0.0.tgz"
  "version" "4.0.0"

"mime-db@1.40.0":
  "integrity" "sha512-jYdeOMPy9vnxEqFRRo6ZvTZ8d9oPb+k18PKoYNYUe2stVEBPPwsln/qWzdbmaIvnhZ9v2P+CuecK+fpUfsV2mA=="
  "resolved" "https://registry.npmjs.org/mime-db/-/mime-db-1.40.0.tgz"
  "version" "1.40.0"

"mime-types@^2.1.24":
  "integrity" "sha512-WaFHS3MCl5fapm3oLxU4eYDw77IQM2ACcxQ9RIxfaC3ooc6PFuBMGZZsYpvoXS5D5QTWPieo1jjLdAm3TBP3cQ=="
  "resolved" "https://registry.npmjs.org/mime-types/-/mime-types-2.1.24.tgz"
  "version" "2.1.24"
  dependencies:
    "mime-db" "1.40.0"

"mimic-fn@^2.1.0":
  "integrity" "sha512-OqbOk5oEQeAZ8WXWydlu9HJjz9WVdEIvamMCcXmuqUYjTknH/sqsWvhQ3vgwKFRR1HpjvNBKQ37nbJgYzGqGcg=="
  "resolved" "https://registry.npmjs.org/mimic-fn/-/mimic-fn-2.1.0.tgz"
  "version" "2.1.0"

"minimatch@^3.0.4":
  "integrity" "sha512-yJHVQEhyqPLUTgt9B83PXu6W3rx4MvvHvSUvToogpwoGDOUQ+yDrR0HRot+yOCdCO7u4hX3pWft6kWBBcqh0UA=="
  "resolved" "https://registry.npmjs.org/minimatch/-/minimatch-3.0.4.tgz"
  "version" "3.0.4"
  dependencies:
    "brace-expansion" "^1.1.7"

"ms@^2.1.1":
  "integrity" "sha512-sGkPx+VjMtmA6MX27oA4FBFELFCZZ4S4XqeGOXCv68tT+jb3vk/RyaKWP0PTKyWtmLSM0b+adUTEvbs1PEaH2w=="
  "resolved" "https://registry.npmjs.org/ms/-/ms-2.1.2.tgz"
  "version" "2.1.2"

"mute-stream@0.0.8":
  "integrity" "sha512-nnbWWOkoWyUsTjKrhgD0dcz22mdkSnpYqbEjIm2nhwhuxlSkpywJmBo8h0ZqJdkp73mb90SssHkN4rsRaBAfAA=="
  "resolved" "https://registry.npmjs.org/mute-stream/-/mute-stream-0.0.8.tgz"
  "version" "0.0.8"

"once@^1.3.0":
  "integrity" "sha1-WDsap3WWHUsROsF9nFC6753Xa9E="
  "resolved" "https://registry.npmjs.org/once/-/once-1.4.0.tgz"
  "version" "1.4.0"
  dependencies:
    "wrappy" "1"

"onetime@^5.1.0":
  "integrity" "sha512-5NcSkPHhwTVFIQN+TUqXoS5+dlElHXdpAWu9I0HP20YOtIi+aZ0Ct82jdlILDxjLEAWwvm+qj1m6aEtsDVmm6Q=="
  "resolved" "https://registry.npmjs.org/onetime/-/onetime-5.1.0.tgz"
  "version" "5.1.0"
  dependencies:
    "mimic-fn" "^2.1.0"

"os-tmpdir@~1.0.2":
  "integrity" "sha1-u+Z0BseaqFxc/sdm/lc0VV36EnQ="
  "resolved" "https://registry.npmjs.org/os-tmpdir/-/os-tmpdir-1.0.2.tgz"
  "version" "1.0.2"

"path-is-absolute@^1.0.0":
  "integrity" "sha1-F0uSaHNVNP+8es5r9TpanhtcX18="
  "resolved" "https://registry.npmjs.org/path-is-absolute/-/path-is-absolute-1.0.1.tgz"
  "version" "1.0.1"

"prettier@^1.18.2":
  "integrity" "sha512-OeHeMc0JhFE9idD4ZdtNibzY0+TPHSpSSb9h8FqtP+YnoZZ1sl8Vc9b1sasjfymH3SonAF4QcA2+mzHPhMvIiw=="
  "resolved" "https://registry.npmjs.org/prettier/-/prettier-1.18.2.tgz"
  "version" "1.18.2"

"punycode@1.3.2":
  "integrity" "sha1-llOgNvt8HuQjQvIyXM7v6jkmxI0="
  "resolved" "https://registry.npmjs.org/punycode/-/punycode-1.3.2.tgz"
  "version" "1.3.2"

"querystring@0.2.0":
  "integrity" "sha1-sgmEkgO7Jd+CDadW50cAWHhSFiA="
  "resolved" "https://registry.npmjs.org/querystring/-/querystring-0.2.0.tgz"
  "version" "0.2.0"

"restore-cursor@^3.1.0":
  "integrity" "sha512-l+sSefzHpj5qimhFSE5a8nufZYAM3sBSVMAPtYkmC+4EH2anSGaEMXSD0izRQbu9nfyQ9y5JrVmp7E8oZrUjvA=="
  "resolved" "https://registry.npmjs.org/restore-cursor/-/restore-cursor-3.1.0.tgz"
  "version" "3.1.0"
  dependencies:
    "onetime" "^5.1.0"
    "signal-exit" "^3.0.2"

"run-async@^2.2.0":
  "integrity" "sha1-A3GrSuC91yDUFm19/aZP96RFpsA="
  "resolved" "https://registry.npmjs.org/run-async/-/run-async-2.3.0.tgz"
  "version" "2.3.0"
  dependencies:
    "is-promise" "^2.1.0"

"rxjs@^6.4.0":
  "integrity" "sha512-wuYsAYYFdWTAnAaPoKGNhfpWwKZbJW+HgAJ+mImp+Epl7BG8oNWBCTyRM8gba9k4lk8BgWdoYm21Mo/RYhhbgA=="
  "resolved" "https://registry.npmjs.org/rxjs/-/rxjs-6.5.3.tgz"
  "version" "6.5.3"
  dependencies:
    "tslib" "^1.9.0"

"safer-buffer@>= 2.1.2 < 3":
  "integrity" "sha512-YZo3K82SD7Riyi0E1EQPojLz7kpepnSQI9IyPbHHg1XXXevb5dJI7tpyN2ADxGcQbHG7vcyRHk0cbwqcQriUtg=="
  "resolved" "https://registry.npmjs.org/safer-buffer/-/safer-buffer-2.1.2.tgz"
  "version" "2.1.2"

"sax@>=0.6.0", "sax@1.2.1":
  "integrity" "sha1-e45lYZCyKOgaZq6nSEgNgozS03o="
  "resolved" "https://registry.npmjs.org/sax/-/sax-1.2.1.tgz"
  "version" "1.2.1"

"signal-exit@^3.0.2":
  "integrity" "sha1-tf3AjxKH6hF4Yo5BXiUTK3NkbG0="
  "resolved" "https://registry.npmjs.org/signal-exit/-/signal-exit-3.0.2.tgz"
  "version" "3.0.2"

"simple-git@^1.126.0":
  "integrity" "sha512-47mqHxgZnN8XRa9HbpWprzUv3Ooqz9RY/LSZgvA7jCkW8jcwLahMz7LKugY91KZehfG0sCVPtgXiU72hd6b1Bw=="
  "resolved" "https://registry.npmjs.org/simple-git/-/simple-git-1.126.0.tgz"
  "version" "1.126.0"
  dependencies:
    "debug" "^4.0.1"

"source-map-support@^0.5.6":
  "integrity" "sha512-SHSKFHadjVA5oR4PPqhtAVdcBWwRYVd6g6cAXnIbRiIwc2EhPrTuKUBdSLvlEKyIP3GCf89fltvcZiP9MMFA1w=="
  "resolved" "https://registry.npmjs.org/source-map-support/-/source-map-support-0.5.13.tgz"
  "version" "0.5.13"
  dependencies:
    "buffer-from" "^1.0.0"
    "source-map" "^0.6.0"

"source-map@^0.6.0":
  "integrity" "sha512-UjgapumWlbMhkBgzT7Ykc5YXUT46F0iKu8SGXq0bcwP5dz/h0Plj6enJqjz1Zbq2l5WaqYnrVbwWOWMyF3F47g=="
  "resolved" "https://registry.npmjs.org/source-map/-/source-map-0.6.1.tgz"
  "version" "0.6.1"

"string-width@^4.1.0":
  "integrity" "sha512-NrX+1dVVh+6Y9dnQ19pR0pP4FiEIlUvdTGn8pw6CKTNq5sgib2nIhmUNT5TAmhWmvKr3WcxBcP3E8nWezuipuQ=="
  "resolved" "https://registry.npmjs.org/string-width/-/string-width-4.1.0.tgz"
  "version" "4.1.0"
  dependencies:
    "emoji-regex" "^8.0.0"
    "is-fullwidth-code-point" "^3.0.0"
    "strip-ansi" "^5.2.0"

"strip-ansi@^5.1.0", "strip-ansi@^5.2.0":
  "integrity" "sha512-DuRs1gKbBqsMKIZlrffwlug8MHkcnpjs5VPmL1PAh+mA30U0DTotfDZ0d2UUsXpPmPmMMJ6W773MaA3J+lbiWA=="
  "resolved" "https://registry.npmjs.org/strip-ansi/-/strip-ansi-5.2.0.tgz"
  "version" "5.2.0"
  dependencies:
    "ansi-regex" "^4.1.0"

"supports-color@^5.3.0":
  "integrity" "sha512-QjVjwdXIt408MIiAqCX4oUKsgU2EqAGzs2Ppkm4aQYbjm+ZEWEcW4SfFNTr4uMNZma0ey4f5lgLrkB0aX0QMow=="
  "resolved" "https://registry.npmjs.org/supports-color/-/supports-color-5.5.0.tgz"
  "version" "5.5.0"
  dependencies:
    "has-flag" "^3.0.0"

"through@^2.3.6":
  "integrity" "sha1-DdTJ/6q8NXlgsbckEV1+Doai4fU="
  "resolved" "https://registry.npmjs.org/through/-/through-2.3.8.tgz"
  "version" "2.3.8"

"tmp@^0.0.33":
  "integrity" "sha512-jRCJlojKnZ3addtTOjdIqoRuPEKBvNXcGYqzO6zWZX8KfKEpnGY5jfggJQ3EjKuu8D4bJRr0y+cYJFmYbImXGw=="
  "resolved" "https://registry.npmjs.org/tmp/-/tmp-0.0.33.tgz"
  "version" "0.0.33"
  dependencies:
    "os-tmpdir" "~1.0.2"

"ts-node@^8.1.0":
  "integrity" "sha512-5LpRN+mTiCs7lI5EtbXmF/HfMeCjzt7DH9CZwtkr6SywStrNQC723wG+aOWFiLNn7zT3kD/RnFqi3ZUfr4l5Qw=="
  "resolved" "https://registry.npmjs.org/ts-node/-/ts-node-8.4.1.tgz"
  "version" "8.4.1"
  dependencies:
    "arg" "^4.1.0"
    "diff" "^4.0.1"
    "make-error" "^1.1.1"
    "source-map-support" "^0.5.6"
    "yn" "^3.0.0"

"tslib@^1.9.0":
  "integrity" "sha512-qOebF53frne81cf0S9B41ByenJ3/IuH8yJKngAX35CmiZySA0khhkovshKK+jGCaMnVomla7gVlIcc3EvKPbTQ=="
  "resolved" "https://registry.npmjs.org/tslib/-/tslib-1.10.0.tgz"
  "version" "1.10.0"

"type-fest@^0.5.2":
  "integrity" "sha512-DWkS49EQKVX//Tbupb9TFa19c7+MK1XmzkrZUR8TAktmE/DizXoaoJV6TZ/tSIPXipqNiRI6CyAe7x69Jb6RSw=="
  "resolved" "https://registry.npmjs.org/type-fest/-/type-fest-0.5.2.tgz"
  "version" "0.5.2"

"typescript@^3.6.3", "typescript@>=2.0":
  "integrity" "sha512-N7bceJL1CtRQ2RiG0AQME13ksR7DiuQh/QehubYcghzv20tnh+MQnQIuJddTmsbqYj+dztchykemz0zFzlvdQw=="
  "resolved" "https://registry.npmjs.org/typescript/-/typescript-3.6.3.tgz"
  "version" "3.6.3"

"url@0.10.3":
  "integrity" "sha1-Ah5NnHcF8hu/N9A861h2dAJ3TGQ="
  "resolved" "https://registry.npmjs.org/url/-/url-0.10.3.tgz"
  "version" "0.10.3"
  dependencies:
    "punycode" "1.3.2"
    "querystring" "0.2.0"

"uuid@3.3.2":
  "integrity" "sha512-yXJmeNaw3DnnKAOKJE51sL/ZaYfWJRl1pK9dr19YFCu0ObS231AB1/LbqTKRAQ5kw8A90rA6fr4riOUpTZvQZA=="
  "resolved" "https://registry.npmjs.org/uuid/-/uuid-3.3.2.tgz"
  "version" "3.3.2"

"wrappy@1":
  "integrity" "sha1-tSQ9jz7BqjXxNkYFvA0QNuMKtp8="
  "resolved" "https://registry.npmjs.org/wrappy/-/wrappy-1.0.2.tgz"
  "version" "1.0.2"

"xml2js@0.4.19":
  "integrity" "sha512-esZnJZJOiJR9wWKMyuvSE1y6Dq5LCuJanqhxslH2bxM6duahNZ+HMpCLhBQGZkbX6xRf8x1Y2eJlgt2q3qo49Q=="
  "resolved" "https://registry.npmjs.org/xml2js/-/xml2js-0.4.19.tgz"
  "version" "0.4.19"
  dependencies:
    "sax" ">=0.6.0"
    "xmlbuilder" "~9.0.1"

"xmlbuilder@~9.0.1":
  "integrity" "sha1-Ey7mPS7FVlxVfiD0wi35rKaGsQ0="
  "resolved" "https://registry.npmjs.org/xmlbuilder/-/xmlbuilder-9.0.7.tgz"
  "version" "9.0.7"

"yn@^3.0.0":
  "integrity" "sha512-Ux4ygGWsu2c7isFWe8Yu1YluJmqVhxqK2cLXNQA5AcC3QfbGNpM7fu0Y8b/z16pXLnFxZYvWhd3fhBY9DLmC6Q=="
  "resolved" "https://registry.npmjs.org/yn/-/yn-3.1.1.tgz"
  "version" "3.1.1"
